{
  "version": "5",
  "specifiers": {
    "jsr:@epdoc/cmd@~0.3.3": "0.3.3",
    "jsr:@epdoc/colors@^1.1.4": "1.1.4",
    "jsr:@epdoc/datetime@^4.2.9": "4.2.9",
    "jsr:@epdoc/duration@~0.3.22": "0.3.22",
    "jsr:@epdoc/fmt@^1.0.22": "1.0.22",
    "jsr:@epdoc/type@^2.0.2": "2.0.2",
    "jsr:@std/fmt@^1.0.10": "1.0.10"
  },
  "jsr": {
    "@epdoc/cmd@0.3.3": {
      "integrity": "775198730e21ff73184e2d9ae0458930d3f417a52f26ee517700213aa575bb51"
    },
    "@epdoc/colors@1.1.4": {
      "integrity": "b217220778c0801cc881fd20fcd5e495cb9f9773fa217242c814cfc701608ccf",
      "dependencies": [
        "jsr:@std/fmt"
      ]
    },
    "@epdoc/datetime@4.2.7": {
      "integrity": "4776d91837cb200c81ae80d589ad2b7f7fe5c2fdb60f8f759bab5f4bf1a6e52e"
    },
    "@epdoc/datetime@4.2.9": {
      "integrity": "bdb76e8efd36d67c4af76ba526b5bae224e98110ff447f3cad4426f24ec357b8"
    },
    "@epdoc/duration@0.3.22": {
      "integrity": "bf388c84ef857fc79a6c8dcddc34c03a0af9b9872bb308c56809e5cb6eca416c"
    },
    "@epdoc/fmt@1.0.22": {
      "integrity": "4084db5d83ab83fe7149ed90b97cd47807717c36b180589e0a57ebbc571d9c23",
      "dependencies": [
        "jsr:@std/fmt"
      ]
    },
    "@epdoc/type@2.0.0": {
      "integrity": "f0c0d77a6b0e74ada5a568267128af88d7512154e5fdc0268d254f55012a4aa6"
    },
    "@epdoc/type@2.0.2": {
      "integrity": "3212fc0bc1f908d729afc671b53f4cc3c183286f39e403a15477a9b0f286ed03"
    },
    "@std/encoding@1.0.10": {
      "integrity": "8783c6384a2d13abd5e9e87a7ae0520a30e9f56aeeaa3bdf910a3eaaf5c811a1"
    },
    "@std/fmt@1.0.10": {
      "integrity": "90dfba288802ac6de82fb31d0917eb9e4450b9925b954d5e51fc29ac07419db5"
    }
  },
  "workspace": {
    "members": {
      "cmd": {
        "dependencies": [
          "jsr:@epdoc/type@^2.0.2",
          "jsr:@std/assert@^1.0.19"
        ]
      },
      "colors": {
        "dependencies": [
          "jsr:@std/assert@^1.0.19",
          "jsr:@std/fmt@^1.0.10"
        ]
      },
      "condition": {
        "dependencies": [
          "jsr:@epdoc/datetime@^4.2.9",
          "jsr:@epdoc/type@^2.0.2",
          "jsr:@std/assert@^1.0.19"
        ]
      },
      "daterange": {
        "dependencies": [
          "jsr:@epdoc/datetime@^4.2.9",
          "jsr:@epdoc/type@^2.0.2",
          "jsr:@std/assert@^1.0.19"
        ]
      },
      "datetime": {
        "dependencies": [
          "jsr:@epdoc/type@^2.0.2",
          "jsr:@std/assert@^1.0.19"
        ]
      },
      "duration": {
        "dependencies": [
          "jsr:@epdoc/type@^2.0.2",
          "jsr:@std/assert@^1.0.19"
        ]
      },
      "exif": {
        "dependencies": [
          "jsr:@epdoc/cmd@~0.3.3",
          "jsr:@epdoc/datetime@^4.2.9",
          "jsr:@epdoc/fs@^1.6.10",
          "jsr:@epdoc/type@^2.0.2",
          "jsr:@std/assert@^1.0.19"
        ]
      },
      "fmt": {
        "dependencies": [
          "jsr:@epdoc/colors@^1.1.4",
          "jsr:@epdoc/duration@~0.3.22",
          "jsr:@epdoc/type@^2.0.2",
          "jsr:@std/assert@^1.0.19",
          "jsr:@std/fmt@^1.0.10"
        ]
      },
      "fs": {
        "dependencies": [
          "jsr:@epdoc/datetime@^4.2.9",
          "jsr:@epdoc/transform@^2.0.9",
          "jsr:@epdoc/type@^2.0.2",
          "jsr:@std/assert@^1.0.19",
          "jsr:@std/bytes@^1.0.6",
          "jsr:@std/encoding@^1.0.11",
          "jsr:@std/fs@^1.0.24",
          "jsr:@std/path@^1.1.6",
          "jsr:@std/toml@^1.0.11",
          "jsr:@std/yaml@^1.2.0"
        ]
      },
      "progress": {
        "dependencies": [
          "jsr:@epdoc/terminal@^0.0.15",
          "jsr:@epdoc/type@^2.0.2",
          "jsr:@std/assert@^1.0.19",
          "jsr:@std/fmt@^1.0.10"
        ]
      },
      "response": {
        "dependencies": [
          "jsr:@epdoc/type@^2.0.2",
          "jsr:@std/assert@^1.0.19"
        ]
      },
      "table": {
        "dependencies": [
          "jsr:@epdoc/colors@^1.1.4",
          "jsr:@epdoc/datetime@^4.2.9",
          "jsr:@epdoc/fmt@^1.0.22",
          "jsr:@epdoc/type@^2.0.2",
          "jsr:@std/assert@^1.0.19",
          "jsr:@std/fmt@^1.0.10"
        ]
      },
      "terminal": {
        "dependencies": [
          "jsr:@std/assert@^1.0.19",
          "jsr:@std/fmt@^1.0.10",
          "jsr:@std/path@^1.1.6"
        ]
      },
      "text": {
        "dependencies": [
          "jsr:@epdoc/type@^2.0.2",
          "jsr:@std/assert@^1.0.19"
        ]
      },
      "transform": {
        "dependencies": [
          "jsr:@epdoc/datetime@^4.2.9",
          "jsr:@epdoc/type@^2.0.2",
          "jsr:@std/assert@^1.0.19",
          "jsr:@std/encoding@^1.0.11"
        ]
      },
      "type": {
        "dependencies": [
          "jsr:@std/assert@^1.0.19"
        ]
      }
    }
  }
}
