{
  "version": "5",
  "specifiers": {
    "jsr:@epdoc/cmd@~0.3.1": "0.3.1",
    "jsr:@epdoc/colors@^1.1.3": "1.1.3",
    "jsr:@epdoc/datetime@^4.2.8": "4.2.8",
    "jsr:@epdoc/duration@~0.3.22": "0.3.22",
    "jsr:@epdoc/fmt@^1.0.19": "1.0.19",
    "jsr:@epdoc/fs@^1.6.8": "1.6.8",
    "jsr:@epdoc/terminal@^0.0.15": "0.0.15",
    "jsr:@epdoc/transform@^2.0.8": "2.0.8",
    "jsr:@epdoc/type@^2.0.2": "2.0.2",
    "jsr:@std/assert@^1.0.19": "1.0.19",
    "jsr:@std/bytes@^1.0.6": "1.0.6",
    "jsr:@std/collections@^1.1.3": "1.3.0",
    "jsr:@std/encoding@^1.0.11": "1.0.11",
    "jsr:@std/fmt@^1.0.10": "1.0.10",
    "jsr:@std/fs@^1.0.24": "1.0.24",
    "jsr:@std/internal@^1.0.12": "1.0.14",
    "jsr:@std/internal@^1.0.14": "1.0.14",
    "jsr:@std/path@^1.1.5": "1.1.6",
    "jsr:@std/path@^1.1.6": "1.1.6",
    "jsr:@std/toml@^1.0.11": "1.0.11",
    "jsr:@std/yaml@^1.2.0": "1.2.0"
  },
  "jsr": {
    "@epdoc/cmd@0.3.1": {
      "integrity": "7663f9427fff3e8ff528f8692f41137b19f1ca9857c1b2672ee0f1c1b103848f"
    },
    "@epdoc/colors@1.1.3": {
      "integrity": "8ca629eba888a4b567e09b5f7f3cc49273d06d054af5f2d398a60c23b9b86492",
      "dependencies": [
        "jsr:@std/fmt"
      ]
    },
    "@epdoc/datetime@4.2.7": {
      "integrity": "4776d91837cb200c81ae80d589ad2b7f7fe5c2fdb60f8f759bab5f4bf1a6e52e"
    },
    "@epdoc/datetime@4.2.8": {
      "integrity": "8262c1289857640e8dc9920de6d7982d1e1954a3223d8103c1de34f0ec6de687"
    },
    "@epdoc/duration@0.3.22": {
      "integrity": "bf388c84ef857fc79a6c8dcddc34c03a0af9b9872bb308c56809e5cb6eca416c"
    },
    "@epdoc/fmt@1.0.19": {
      "integrity": "6fce6b8799c5bc0d4036062ff3cbd6a60c74e13d7b41d6218d81c8575168593c",
      "dependencies": [
        "jsr:@std/fmt"
      ]
    },
    "@epdoc/fs@1.6.8": {
      "integrity": "b681c961519697bc3cf19b51a39553b746599ef059bea369753d51c4b342c37c",
      "dependencies": [
        "jsr:@std/assert",
        "jsr:@std/bytes",
        "jsr:@std/encoding",
        "jsr:@std/fs",
        "jsr:@std/path@^1.1.6",
        "jsr:@std/toml",
        "jsr:@std/yaml"
      ]
    },
    "@epdoc/terminal@0.0.15": {
      "integrity": "fa6cb986e82b76f15fec572098737c6a519ec8e1158172c6f87a5cd4b463bda1",
      "dependencies": [
        "jsr:@std/fmt",
        "jsr:@std/path@^1.1.6"
      ]
    },
    "@epdoc/transform@2.0.8": {
      "integrity": "8cf36819d8093dddce3b8273fca3a50d4e554d9129b4bb6c7e79deb5a859e059",
      "dependencies": [
        "jsr:@std/encoding"
      ]
    },
    "@epdoc/type@2.0.0": {
      "integrity": "f0c0d77a6b0e74ada5a568267128af88d7512154e5fdc0268d254f55012a4aa6"
    },
    "@epdoc/type@2.0.2": {
      "integrity": "3212fc0bc1f908d729afc671b53f4cc3c183286f39e403a15477a9b0f286ed03"
    },
    "@std/assert@1.0.19": {
      "integrity": "eaada96ee120cb980bc47e040f82814d786fe8162ecc53c91d8df60b8755991e",
      "dependencies": [
        "jsr:@std/internal@^1.0.12"
      ]
    },
    "@std/bytes@1.0.6": {
      "integrity": "f6ac6adbd8ccd99314045f5703e23af0a68d7f7e58364b47d2c7f408aeb5820a"
    },
    "@std/collections@1.3.0": {
      "integrity": "eb36b43d784477ea0b476483ac034a14bdd182aff921c812ecf662a1fcef9498"
    },
    "@std/encoding@1.0.10": {
      "integrity": "8783c6384a2d13abd5e9e87a7ae0520a30e9f56aeeaa3bdf910a3eaaf5c811a1"
    },
    "@std/encoding@1.0.11": {
      "integrity": "e7cef2f0b3153bccc17431e7c864a1de03a4b6d9647389c43e08aaa775d37385"
    },
    "@std/fmt@1.0.10": {
      "integrity": "90dfba288802ac6de82fb31d0917eb9e4450b9925b954d5e51fc29ac07419db5"
    },
    "@std/fs@1.0.24": {
      "integrity": "f3061b45b81673a2bece689da041df32d174be064c89eb6397fb5718d3fb7877",
      "dependencies": [
        "jsr:@std/internal@^1.0.14",
        "jsr:@std/path@^1.1.5"
      ]
    },
    "@std/internal@1.0.14": {
      "integrity": "291516b3d4c35024d6ffbc0a9df5bf4c64116e05b50012cf846710152d2ffdf7"
    },
    "@std/path@1.1.6": {
      "integrity": "c68485c2a4dfbb5ae3cc74fae4e8c4e5d874cf8a8ed12927917235c758b46cbe",
      "dependencies": [
        "jsr:@std/internal@^1.0.14"
      ]
    },
    "@std/toml@1.0.11": {
      "integrity": "e084988b872ca4bad6aedfb7350f6eeed0e8ba88e9ee5e1590621c5b5bb8f715",
      "dependencies": [
        "jsr:@std/collections"
      ]
    },
    "@std/yaml@1.2.0": {
      "integrity": "20beb41e4983ba3437dbefac62b14061ab058e8a187596f19d28ff9035f6e6cf"
    }
  },
  "workspace": {
    "members": {
      "cmd": {
        "dependencies": [
          "jsr:@epdoc/type@^2.0.2",
          "jsr:@std/assert@^1.0.19"
        ]
      },
      "colors": {
        "dependencies": [
          "jsr:@std/assert@^1.0.19",
          "jsr:@std/fmt@^1.0.10"
        ]
      },
      "condition": {
        "dependencies": [
          "jsr:@epdoc/datetime@^4.2.8",
          "jsr:@epdoc/type@^2.0.2",
          "jsr:@std/assert@^1.0.19"
        ]
      },
      "daterange": {
        "dependencies": [
          "jsr:@epdoc/datetime@^4.2.8",
          "jsr:@epdoc/type@^2.0.2",
          "jsr:@std/assert@^1.0.19"
        ]
      },
      "datetime": {
        "dependencies": [
          "jsr:@epdoc/type@^2.0.2",
          "jsr:@std/assert@^1.0.19"
        ]
      },
      "duration": {
        "dependencies": [
          "jsr:@epdoc/type@^2.0.2",
          "jsr:@std/assert@^1.0.19"
        ]
      },
      "exif": {
        "dependencies": [
          "jsr:@epdoc/cmd@~0.3.1",
          "jsr:@epdoc/datetime@^4.2.8",
          "jsr:@epdoc/fs@^1.6.8",
          "jsr:@epdoc/type@^2.0.2",
          "jsr:@std/assert@^1.0.19"
        ]
      },
      "fmt": {
        "dependencies": [
          "jsr:@epdoc/colors@^1.1.3",
          "jsr:@epdoc/duration@~0.3.22",
          "jsr:@epdoc/type@^2.0.2",
          "jsr:@std/assert@^1.0.19",
          "jsr:@std/fmt@^1.0.10"
        ]
      },
      "fs": {
        "dependencies": [
          "jsr:@epdoc/datetime@^4.2.8",
          "jsr:@epdoc/transform@^2.0.8",
          "jsr:@epdoc/type@^2.0.2",
          "jsr:@std/assert@^1.0.19",
          "jsr:@std/bytes@^1.0.6",
          "jsr:@std/encoding@^1.0.11",
          "jsr:@std/fs@^1.0.24",
          "jsr:@std/path@^1.1.6",
          "jsr:@std/toml@^1.0.11",
          "jsr:@std/yaml@^1.2.0"
        ]
      },
      "progress": {
        "dependencies": [
          "jsr:@epdoc/terminal@^0.0.15",
          "jsr:@epdoc/type@^2.0.2",
          "jsr:@std/assert@^1.0.19",
          "jsr:@std/fmt@^1.0.10"
        ]
      },
      "response": {
        "dependencies": [
          "jsr:@epdoc/type@^2.0.2",
          "jsr:@std/assert@^1.0.19"
        ]
      },
      "table": {
        "dependencies": [
          "jsr:@epdoc/colors@^1.1.3",
          "jsr:@epdoc/datetime@^4.2.8",
          "jsr:@epdoc/fmt@^1.0.19",
          "jsr:@epdoc/type@^2.0.2",
          "jsr:@std/assert@^1.0.19",
          "jsr:@std/fmt@^1.0.10"
        ]
      },
      "terminal": {
        "dependencies": [
          "jsr:@std/assert@^1.0.19",
          "jsr:@std/fmt@^1.0.10",
          "jsr:@std/path@^1.1.6"
        ]
      },
      "text": {
        "dependencies": [
          "jsr:@epdoc/type@^2.0.2",
          "jsr:@std/assert@^1.0.19"
        ]
      },
      "transform": {
        "dependencies": [
          "jsr:@epdoc/datetime@^4.2.8",
          "jsr:@epdoc/type@^2.0.2",
          "jsr:@std/assert@^1.0.19",
          "jsr:@std/encoding@^1.0.11"
        ]
      },
      "type": {
        "dependencies": [
          "jsr:@std/assert@^1.0.19"
        ]
      }
    }
  }
}
