{
  "version": "4",
  "specifiers": {
    "jsr:@epdoc/datetime@1.0.0": "1.0.0",
    "jsr:@epdoc/datetime@1.0.1": "1.0.1",
    "jsr:@epdoc/type@1.0.2": "1.0.2",
    "jsr:@epdoc/type@1.0.4": "1.0.4",
    "jsr:@epdoc/type@^1.0.4": "1.0.4",
    "jsr:@std/assert@^1.0.12": "1.0.12",
    "jsr:@std/bytes@^1.0.5": "1.0.5",
    "jsr:@std/crypto@^1.0.4": "1.0.4",
    "jsr:@std/data-structures@^1.0.6": "1.0.6",
    "jsr:@std/encoding@^1.0.9": "1.0.9",
    "jsr:@std/expect@*": "1.0.15",
    "jsr:@std/expect@^1.0.15": "1.0.15",
    "jsr:@std/fs@^1.0.15": "1.0.16",
    "jsr:@std/fs@^1.0.16": "1.0.16",
    "jsr:@std/internal@^1.0.6": "1.0.6",
    "jsr:@std/io@~0.225.2": "0.225.2",
    "jsr:@std/path@^1.0.8": "1.0.8",
    "jsr:@std/testing@*": "1.0.11",
    "jsr:@std/testing@^1.0.11": "1.0.11",
    "npm:@types/node@*": "22.12.0",
    "npm:pdf-lib@^1.17.1": "1.17.1"
  },
  "jsr": {
    "@epdoc/datetime@1.0.0": {
      "integrity": "d2d6e013fa71490fa089b002f5ec06544d9e26d13ea402eb2f748d8b3ae3c2f1",
      "dependencies": [
        "jsr:@epdoc/type@1.0.2"
      ]
    },
    "@epdoc/datetime@1.0.1": {
      "integrity": "6959607db97cbb89ac6e9a1022b5340e3d47569532eae792612e479e6dcda844"
    },
    "@epdoc/type@1.0.2": {
      "integrity": "a8aca3181e49a9a195282731f55b15b3db0cda4099fc653dbd95587e4639fa9c"
    },
    "@epdoc/type@1.0.4": {
      "integrity": "40afdddd7b0f10fe83c39beedbf93bcb396689aa8574c0368f67c53f1df3f99c"
    },
    "@std/assert@1.0.12": {
      "integrity": "08009f0926dda9cbd8bef3a35d3b6a4b964b0ab5c3e140a4e0351fbf34af5b9a",
      "dependencies": [
        "jsr:@std/internal"
      ]
    },
    "@std/bytes@1.0.5": {
      "integrity": "4465dd739d7963d964c809202ebea6d5c6b8e3829ef25c6a224290fbb8a1021e"
    },
    "@std/crypto@1.0.4": {
      "integrity": "cee245c453bd5366207f4d8aa25ea3e9c86cecad2be3fefcaa6cb17203d79340"
    },
    "@std/data-structures@1.0.6": {
      "integrity": "76a7fd8080c66604c0496220a791860492ab21a04a63a969c0b9a0609bbbb760"
    },
    "@std/encoding@1.0.9": {
      "integrity": "025b8f18eb1749bc30d1353bf48b77d1eb5e35610220fa226f5a046b9240c5d7"
    },
    "@std/expect@1.0.15": {
      "integrity": "eca360007b5a7f13dbfa1294224baee7fb98dcd460d8461fe64eeae302902945",
      "dependencies": [
        "jsr:@std/assert",
        "jsr:@std/internal"
      ]
    },
    "@std/fs@1.0.16": {
      "integrity": "81878f62b6eeda0bf546197fc3daa5327c132fee1273f6113f940784a468b036",
      "dependencies": [
        "jsr:@std/path"
      ]
    },
    "@std/internal@1.0.6": {
      "integrity": "9533b128f230f73bd209408bb07a4b12f8d4255ab2a4d22a1fd6d87304aca9a4"
    },
    "@std/io@0.225.2": {
      "integrity": "3c740cd4ee4c082e6cfc86458f47e2ab7cb353dc6234d5e9b1f91a2de5f4d6c7",
      "dependencies": [
        "jsr:@std/bytes"
      ]
    },
    "@std/path@1.0.8": {
      "integrity": "548fa456bb6a04d3c1a1e7477986b6cffbce95102d0bb447c67c4ee70e0364be"
    },
    "@std/testing@1.0.11": {
      "integrity": "12b3db12d34f0f385a26248933bde766c0f8c5ad8b6ab34d4d38f528ab852f48",
      "dependencies": [
        "jsr:@std/assert",
        "jsr:@std/data-structures",
        "jsr:@std/fs@^1.0.16",
        "jsr:@std/internal",
        "jsr:@std/path"
      ]
    }
  },
  "npm": {
    "@pdf-lib/standard-fonts@1.0.0": {
      "integrity": "sha512-hU30BK9IUN/su0Mn9VdlVKsWBS6GyhVfqjwl1FjZN4TxP6cCw0jP2w7V3Hf5uX7M0AZJ16vey9yE0ny7Sa59ZA==",
      "dependencies": [
        "pako"
      ]
    },
    "@pdf-lib/upng@1.0.1": {
      "integrity": "sha512-dQK2FUMQtowVP00mtIksrlZhdFXQZPC+taih1q4CvPZ5vqdxR/LKBaFg0oAfzd1GlHZXXSPdQfzQnt+ViGvEIQ==",
      "dependencies": [
        "pako"
      ]
    },
    "@types/node@22.12.0": {
      "integrity": "sha512-Fll2FZ1riMjNmlmJOdAyY5pUbkftXslB5DgEzlIuNaiWhXd00FhWxVC/r4yV/4wBb9JfImTu+jiSvXTkJ7F/gA==",
      "dependencies": [
        "undici-types"
      ]
    },
    "pako@1.0.11": {
      "integrity": "sha512-4hLB8Py4zZce5s4yd9XzopqwVv/yGNhV1Bl8NTmCq1763HeK2+EwVTv+leGeL13Dnh2wfbqowVPXCIO0z4taYw=="
    },
    "pdf-lib@1.17.1": {
      "integrity": "sha512-V/mpyJAoTsN4cnP31vc0wfNA1+p20evqqnap0KLoRUN0Yk/p3wN52DOEsL4oBFcLdb76hlpKPtzJIgo67j/XLw==",
      "dependencies": [
        "@pdf-lib/standard-fonts",
        "@pdf-lib/upng",
        "pako",
        "tslib"
      ]
    },
    "tslib@1.14.1": {
      "integrity": "sha512-Xni35NKzjgMrwevysHTCArtLDpPvye8zV/0E4EyYn43P7/7qvQwPh9BGkHewbMulVntbigmcT7rdX3BNo9wRJg=="
    },
    "undici-types@6.20.0": {
      "integrity": "sha512-Ny6QZ2Nju20vw1SRHe3d9jVu6gJ+4e3+MMpqu7pqE5HT6WsTSlce++GQmK5UXS8mzV8DSYHrQH+Xrf2jVcuKNg=="
    }
  },
  "workspace": {
    "dependencies": [
      "jsr:@std/assert@^1.0.12"
    ],
    "members": {
      "daterange": {
        "dependencies": [
          "jsr:@epdoc/datetime@1.0.1",
          "jsr:@epdoc/type@1.0.4"
        ]
      },
      "datetime": {
        "dependencies": [
          "jsr:@epdoc/type@^1.0.4",
          "jsr:@std/expect@^1.0.15",
          "jsr:@std/testing@^1.0.11"
        ]
      },
      "duration": {
        "dependencies": [
          "jsr:@epdoc/type@1.0.4"
        ]
      },
      "fs": {
        "dependencies": [
          "jsr:@epdoc/datetime@1.0.1",
          "jsr:@epdoc/response@1.0.0",
          "jsr:@epdoc/type@1.0.4",
          "jsr:@std/bytes@^1.0.5",
          "jsr:@std/crypto@^1.0.4",
          "jsr:@std/encoding@^1.0.9",
          "jsr:@std/fs@^1.0.15",
          "jsr:@std/io@~0.225.2",
          "npm:pdf-lib@^1.17.1"
        ]
      },
      "response": {
        "dependencies": [
          "jsr:@epdoc/type@1.0.4"
        ]
      },
      "string": {
        "dependencies": [
          "jsr:@epdoc/datetime@1.0.0",
          "jsr:@epdoc/type@1.0.4"
        ]
      }
    }
  }
}
